
Microsoft Visual Studio Solution File, Format Version 12.00
# Visual Studio Version 17
VisualStudioVersion = 17.0.32126.317
MinimumVisualStudioVersion = 10.0.40219.1
Project("{9A19103F-16F7-4668-BE54-9A1E7A4F7556}") = "HW5", "EX1-2\HW5.csproj", "{8779B375-BA90-421B-9D99-CAF0F534CF83}"
EndProject
Project("{9A19103F-16F7-4668-BE54-9A1E7A4F7556}") = "HWLibraryArrayWorker", "ArrayWorker\HWLibraryArrayWorker.csproj", "{B15EF637-1228-4682-BF49-739637AD5FF1}"
EndProject
Project("{FAE04EC0-301F-11D3-BF4B-00C04F79EFBC}") = "HWLibraryCone", "Cone\HWLibraryCone.csproj", "{866E3D05-DB61-4097-926B-26AC19976F92}"
EndProject
Global
	GlobalSection(SolutionConfigurationPlatforms) = preSolution
		Debug|Any CPU = Debug|Any CPU
		Release|Any CPU = Release|Any CPU
	EndGlobalSection
	GlobalSection(ProjectConfigurationPlatforms) = postSolution
		{8779B375-BA90-421B-9D99-CAF0F534CF83}.Debug|Any CPU.ActiveCfg = Debug|Any CPU
		{8779B375-BA90-421B-9D99-CAF0F534CF83}.Debug|Any CPU.Build.0 = Debug|Any CPU
		{8779B375-BA90-421B-9D99-CAF0F534CF83}.Release|Any CPU.ActiveCfg = Release|Any CPU
		{8779B375-BA90-421B-9D99-CAF0F534CF83}.Release|Any CPU.Build.0 = Release|Any CPU
		{B15EF637-1228-4682-BF49-739637AD5FF1}.Debug|Any CPU.ActiveCfg = Debug|Any CPU
		{B15EF637-1228-4682-BF49-739637AD5FF1}.Debug|Any CPU.Build.0 = Debug|Any CPU
		{B15EF637-1228-4682-BF49-739637AD5FF1}.Release|Any CPU.ActiveCfg = Release|Any CPU
		{B15EF637-1228-4682-BF49-739637AD5FF1}.Release|Any CPU.Build.0 = Release|Any CPU
		{866E3D05-DB61-4097-926B-26AC19976F92}.Debug|Any CPU.ActiveCfg = Debug|Any CPU
		{866E3D05-DB61-4097-926B-26AC19976F92}.Debug|Any CPU.Build.0 = Debug|Any CPU
		{866E3D05-DB61-4097-926B-26AC19976F92}.Release|Any CPU.ActiveCfg = Release|Any CPU
		{866E3D05-DB61-4097-926B-26AC19976F92}.Release|Any CPU.Build.0 = Release|Any CPU
	EndGlobalSection
	GlobalSection(SolutionProperties) = preSolution
		HideSolutionNode = FALSE
	EndGlobalSection
	GlobalSection(ExtensibilityGlobals) = postSolution
		SolutionGuid = {6E891334-D280-4E17-B52B-7E03B899044D}
	EndGlobalSection
EndGlobal
